github.com/abdanzakialifian/app-hello-go v1.0.0 h1:fH0wqFr2OP77bP0Pf1cNbdmwLYKWLxTVXPeoXSwHTJA=
github.com/abdanzakialifian/app-hello-go v1.0.0/go.mod h1:WGmCdk29BykQU11CMGR+xYFPEGvXVldipkxI2cXsoKQ=
github.com/abdanzakialifian/app-hello-go v1.0.1 h1:CQsWZpc3YsqEpe6UdcCDm9mgXZoCctnqjj51INDEZOw=
github.com/abdanzakialifian/app-hello-go v1.0.1/go.mod h1:WGmCdk29BykQU11CMGR+xYFPEGvXVldipkxI2cXsoKQ=
github.com/abdanzakialifian/app-hello-go/v2 v2.0.0 h1:N+9fK0Or8oqy/cknH6h4GqfVoPLFJr1ugMWh0bGrkHQ=
github.com/abdanzakialifian/app-hello-go/v2 v2.0.0/go.mod h1:Ab8vwLRteEI5i6kt28KqpSU8yMRQEvCeWmBZkzOAUD8=
github.com/abdanzakialifian/app-hello-go/v2 v2.0.1 h1:43G2pVWWjYE9EPTjXsql6/JRCnjhJvLdIoPaRxamZVQ=
github.com/abdanzakialifian/app-hello-go/v2 v2.0.1/go.mod h1:Ab8vwLRteEI5i6kt28KqpSU8yMRQEvCeWmBZkzOAUD8=
